lockfileVersion: '9.0'

settings:
  autoInstallPeers: true
  excludeLinksFromLockfile: false

importers:

  .:
    dependencies:
      '@sentry/vue':
        specifier: 10.46.0
        version: 10.46.0(vue@3.5.31)
      vue:
        specifier: 3.5.31
        version: 3.5.31
    devDependencies:
      autoprefixer:
        specifier: 10.4.20
        version: 10.4.20(postcss@8.5.8)
      dotenv:
        specifier: 17.3.1
        version: 17.3.1

packages:

  '@babel/helper-string-parser@7.27.1':
    resolution: {integrity: sha512-qMlSxKbpRlAridDExk92nSobyDdpPijUq2DW6oDnUqd0iOGxmQjyqhMIihI9+zv4LPyZdRje2cavWPbCbWm3eA==}
    engines: {node: '>=6.9.0'}

  '@babel/helper-validator-identifier@7.28.5':
    resolution: {integrity: sha512-qSs4ifwzKJSV39ucNjsvc6WVHs6b7S03sOh2OcHF9UHfVPqWWALUsNUVzhSBiItjRZoLHx7nIarVjqKVusUZ1Q==}
    engines: {node: '>=6.9.0'}

  '@babel/parser@7.29.2':
    resolution: {integrity: sha512-4GgRzy/+fsBa72/RZVJmGKPmZu9Byn8o4MoLpmNe1m8ZfYnz5emHLQz3U4gLud6Zwl0RZIcgiLD7Uq7ySFuDLA==}
    engines: {node: '>=6.0.0'}
    hasBin: true

  '@babel/types@7.29.0':
    resolution: {integrity: sha512-LwdZHpScM4Qz8Xw2iKSzS+cfglZzJGvofQICy7W7v4caru4EaAmyUuO6BGrbyQ2mYV11W0U8j5mBhd14dd3B0A==}
    engines: {node: '>=6.9.0'}

  '@jridgewell/sourcemap-codec@1.5.5':
    resolution: {integrity: sha512-cYQ9310grqxueWbl+WuIUIaiUaDcj7WOq5fVhEljNVgRfOUhY9fy2zTvfoqWsnebh8Sl70VScFbICvJnLKB0Og==}

  '@sentry-internal/browser-utils@10.46.0':
    resolution: {integrity: sha512-WB1gBT9G13V02ekZ6NpUhoI1aGHV2eNfjEPthkU2bGBvFpQKnstwzjg7waIRGR7cu+YSW2Q6UI6aQLgBeOPD1g==}
    engines: {node: '>=18'}

  '@sentry-internal/feedback@10.46.0':
    resolution: {integrity: sha512-c4pI/z9nZCQXe9GYEw/hE/YTY9AxGBp8/wgKI+T8zylrN35SGHaXv63szzE1WbI8lacBY8lBF7rstq9bQVCaHw==}
    engines: {node: '>=18'}

  '@sentry-internal/replay-canvas@10.46.0':
    resolution: {integrity: sha512-ub314MWUsekVCuoH0/HJbbimlI24SkV745UW2pj9xRbxOAEf1wjkmIzxKrMDbTgJGuEunug02XZVdJFJUzOcDw==}
    engines: {node: '>=18'}

  '@sentry-internal/replay@10.46.0':
    resolution: {integrity: sha512-JBsWeXG6bRbxBFK8GzWymWGOB9QE7Kl57BeF3jzgdHTuHSWZ2mRnAmb1K05T4LU+gVygk6yW0KmdC8Py9Qzg9A==}
    engines: {node: '>=18'}

  '@sentry/browser@10.46.0':
    resolution: {integrity: sha512-80DmGlTk5Z2/OxVOzLNxwolMyouuAYKqG8KUcoyintZqHbF6kO1RulI610HmyUt3OagKeBCqt9S7w0VIfCRL+Q==}
    engines: {node: '>=18'}

  '@sentry/core@10.46.0':
    resolution: {integrity: sha512-N3fj4zqBQOhXliS1Ne9euqIKuciHCGOJfPGQLwBoW9DNz03jF+NB8+dUKtrJ79YLoftjVgf8nbgwtADK7NR+2Q==}
    engines: {node: '>=18'}

  '@sentry/vue@10.46.0':
    resolution: {integrity: sha512-dBD6aNNkIIDxnFyYhP/qiAzqBW2S8MY0t6twU+4+idgQAL2sXi+e7t9STXIoT4Ime9rQZQ4F1tiwsn43nIQ0Aw==}
    engines: {node: '>=18'}
    peerDependencies:
      '@tanstack/vue-router': ^1.64.0
      pinia: 2.x || 3.x
      vue: 2.x || 3.x
    peerDependenciesMeta:
      '@tanstack/vue-router':
        optional: true
      pinia:
        optional: true

  '@vue/compiler-core@3.5.31':
    resolution: {integrity: sha512-k/ueL14aNIEy5Onf0OVzR8kiqF/WThgLdFhxwa4e/KF/0qe38IwIdofoSWBTvvxQOesaz6riAFAUaYjoF9fLLQ==}

  '@vue/compiler-dom@3.5.31':
    resolution: {integrity: sha512-BMY/ozS/xxjYqRFL+tKdRpATJYDTTgWSo0+AJvJNg4ig+Hgb0dOsHPXvloHQ5hmlivUqw1Yt2pPIqp4e0v1GUw==}

  '@vue/compiler-sfc@3.5.31':
    resolution: {integrity: sha512-M8wpPgR9UJ8MiRGjppvx9uWJfLV7A/T+/rL8s/y3QG3u0c2/YZgff3d6SuimKRIhcYnWg5fTfDMlz2E6seUW8Q==}

  '@vue/compiler-ssr@3.5.31':
    resolution: {integrity: sha512-h0xIMxrt/LHOvJKMri+vdYT92BrK3HFLtDqq9Pr/lVVfE4IyKZKvWf0vJFW10Yr6nX02OR4MkJwI0c1HDa1hog==}

  '@vue/reactivity@3.5.31':
    resolution: {integrity: sha512-DtKXxk9E/KuVvt8VxWu+6Luc9I9ETNcqR1T1oW1gf02nXaZ1kuAx58oVu7uX9XxJR0iJCro6fqBLw9oSBELo5g==}

  '@vue/runtime-core@3.5.31':
    resolution: {integrity: sha512-AZPmIHXEAyhpkmN7aWlqjSfYynmkWlluDNPHMCZKFHH+lLtxP/30UJmoVhXmbDoP1Ng0jG0fyY2zCj1PnSSA6Q==}

  '@vue/runtime-dom@3.5.31':
    resolution: {integrity: sha512-xQJsNRmGPeDCJq/u813tyonNgWBFjzfVkBwDREdEWndBnGdHLHgkwNBQxLtg4zDrzKTEcnikUy1UUNecb3lJ6g==}

  '@vue/server-renderer@3.5.31':
    resolution: {integrity: sha512-GJuwRvMcdZX/CriUnyIIOGkx3rMV3H6sOu0JhdKbduaeCji6zb60iOGMY7tFoN24NfsUYoFBhshZtGxGpxO4iA==}
    peerDependencies:
      vue: 3.5.31

  '@vue/shared@3.5.31':
    resolution: {integrity: sha512-nBxuiuS9Lj5bPkPbWogPUnjxxWpkRniX7e5UBQDWl6Fsf4roq9wwV+cR7ezQ4zXswNvPIlsdj1slcLB7XCsRAw==}

  autoprefixer@10.4.20:
    resolution: {integrity: sha512-XY25y5xSv/wEoqzDyXXME4AFfkZI0P23z6Fs3YgymDnKJkCGOnkL0iTxCa85UTqaSgfcqyf3UA6+c7wUvx/16g==}
    engines: {node: ^10 || ^12 || >=14}
    hasBin: true
    peerDependencies:
      postcss: ^8.1.0

  baseline-browser-mapping@2.9.11:
    resolution: {integrity: sha512-Sg0xJUNDU1sJNGdfGWhVHX0kkZ+HWcvmVymJbj6NSgZZmW/8S9Y2HQ5euytnIgakgxN6papOAWiwDo1ctFDcoQ==}
    hasBin: true

  browserslist@4.28.1:
    resolution: {integrity: sha512-ZC5Bd0LgJXgwGqUknZY/vkUQ04r8NXnJZ3yYi4vDmSiZmC/pdSN0NbNRPxZpbtO4uAfDUAFffO8IZoM3Gj8IkA==}
    engines: {node: ^6 || ^7 || ^8 || ^9 || ^10 || ^11 || ^12 || >=13.7}
    hasBin: true

  caniuse-lite@1.0.30001761:
    resolution: {integrity: sha512-JF9ptu1vP2coz98+5051jZ4PwQgd2ni8A+gYSN7EA7dPKIMf0pDlSUxhdmVOaV3/fYK5uWBkgSXJaRLr4+3A6g==}

  csstype@3.2.3:
    resolution: {integrity: sha512-z1HGKcYy2xA8AGQfwrn0PAy+PB7X/GSj3UVJW9qKyn43xWa+gl5nXmU4qqLMRzWVLFC8KusUX8T/0kCiOYpAIQ==}

  dotenv@17.3.1:
    resolution: {integrity: sha512-IO8C/dzEb6O3F9/twg6ZLXz164a2fhTnEWb95H23Dm4OuN+92NmEAlTrupP9VW6Jm3sO26tQlqyvyi4CsnY9GA==}
    engines: {node: '>=12'}

  electron-to-chromium@1.5.267:
    resolution: {integrity: sha512-0Drusm6MVRXSOJpGbaSVgcQsuB4hEkMpHXaVstcPmhu5LIedxs1xNK/nIxmQIU/RPC0+1/o0AVZfBTkTNJOdUw==}

  entities@7.0.1:
    resolution: {integrity: sha512-TWrgLOFUQTH994YUyl1yT4uyavY5nNB5muff+RtWaqNVCAK408b5ZnnbNAUEWLTCpum9w6arT70i1XdQ4UeOPA==}
    engines: {node: '>=0.12'}

  escalade@3.2.0:
    resolution: {integrity: sha512-WUj2qlxaQtO4g6Pq5c29GTcWGDyd8itL8zTlipgECz3JesAiiOKotd8JU6otB3PACgG6xkJUyVhboMS+bje/jA==}
    engines: {node: '>=6'}

  estree-walker@2.0.2:
    resolution: {integrity: sha512-Rfkk/Mp/DL7JVje3u18FxFujQlTNR2q6QfMSMB7AvCBx91NGj/ba3kCfza0f6dVDbw7YlRf/nDrn7pQrCCyQ/w==}

  fraction.js@4.3.7:
    resolution: {integrity: sha512-ZsDfxO51wGAXREY55a7la9LScWpwv9RxIrYABrlvOFBlH/ShPnrtsXeuUIfXKKOVicNxQ+o8JTbJvjS4M89yew==}

  magic-string@0.30.21:
    resolution: {integrity: sha512-vd2F4YUyEXKGcLHoq+TEyCjxueSeHnFxyyjNp80yg0XV4vUhnDer/lvvlqM/arB5bXQN5K2/3oinyCRyx8T2CQ==}

  nanoid@3.3.11:
    resolution: {integrity: sha512-N8SpfPUnUp1bK+PMYW8qSWdl9U+wwNWI4QKxOYDy9JAro3WMX7p2OeVRF9v+347pnakNevPmiHhNmZ2HbFA76w==}
    engines: {node: ^10 || ^12 || ^13.7 || ^14 || >=15.0.1}
    hasBin: true

  node-releases@2.0.27:
    resolution: {integrity: sha512-nmh3lCkYZ3grZvqcCH+fjmQ7X+H0OeZgP40OierEaAptX4XofMh5kwNbWh7lBduUzCcV/8kZ+NDLCwm2iorIlA==}

  normalize-range@0.1.2:
    resolution: {integrity: sha512-bdok/XvKII3nUpklnV6P2hxtMNrCboOjAcyBuQnWEhO665FwrSNRxU+AqpsyvO6LgGYPspN+lu5CLtw4jPRKNA==}
    engines: {node: '>=0.10.0'}

  picocolors@1.1.1:
    resolution: {integrity: sha512-xceH2snhtb5M9liqDsmEw56le376mTZkEX/jEb/RxNFyegNul7eNslCXP9FDj/Lcu0X8KEyMceP2ntpaHrDEVA==}

  postcss-value-parser@4.2.0:
    resolution: {integrity: sha512-1NNCs6uurfkVbeXG4S8JFT9t19m45ICnif8zWLd5oPSZ50QnwMfK+H3jv408d4jw/7Bttv5axS5IiHoLaVNHeQ==}

  postcss@8.5.8:
    resolution: {integrity: sha512-OW/rX8O/jXnm82Ey1k44pObPtdblfiuWnrd8X7GJ7emImCOstunGbXUpp7HdBrFQX6rJzn3sPT397Wp5aCwCHg==}
    engines: {node: ^10 || ^12 || >=14}

  source-map-js@1.2.1:
    resolution: {integrity: sha512-UXWMKhLOwVKb728IUtQPXxfYU+usdybtUrK/8uGE8CQMvrhOpwvzDBwj0QhSL7MQc7vIsISBG8VQ8+IDQxpfQA==}
    engines: {node: '>=0.10.0'}

  update-browserslist-db@1.2.3:
    resolution: {integrity: sha512-Js0m9cx+qOgDxo0eMiFGEueWztz+d4+M3rGlmKPT+T4IS/jP4ylw3Nwpu6cpTTP8R1MAC1kF4VbdLt3ARf209w==}
    hasBin: true
    peerDependencies:
      browserslist: '>= 4.21.0'

  vue@3.5.31:
    resolution: {integrity: sha512-iV/sU9SzOlmA/0tygSmjkEN6Jbs3nPoIPFhCMLD2STrjgOU8DX7ZtzMhg4ahVwf5Rp9KoFzcXeB1ZrVbLBp5/Q==}
    peerDependencies:
      typescript: '*'
    peerDependenciesMeta:
      typescript:
        optional: true

snapshots:

  '@babel/helper-string-parser@7.27.1': {}

  '@babel/helper-validator-identifier@7.28.5': {}

  '@babel/parser@7.29.2':
    dependencies:
      '@babel/types': 7.29.0

  '@babel/types@7.29.0':
    dependencies:
      '@babel/helper-string-parser': 7.27.1
      '@babel/helper-validator-identifier': 7.28.5

  '@jridgewell/sourcemap-codec@1.5.5': {}

  '@sentry-internal/browser-utils@10.46.0':
    dependencies:
      '@sentry/core': 10.46.0

  '@sentry-internal/feedback@10.46.0':
    dependencies:
      '@sentry/core': 10.46.0

  '@sentry-internal/replay-canvas@10.46.0':
    dependencies:
      '@sentry-internal/replay': 10.46.0
      '@sentry/core': 10.46.0

  '@sentry-internal/replay@10.46.0':
    dependencies:
      '@sentry-internal/browser-utils': 10.46.0
      '@sentry/core': 10.46.0

  '@sentry/browser@10.46.0':
    dependencies:
      '@sentry-internal/browser-utils': 10.46.0
      '@sentry-internal/feedback': 10.46.0
      '@sentry-internal/replay': 10.46.0
      '@sentry-internal/replay-canvas': 10.46.0
      '@sentry/core': 10.46.0

  '@sentry/core@10.46.0': {}

  '@sentry/vue@10.46.0(vue@3.5.31)':
    dependencies:
      '@sentry/browser': 10.46.0
      '@sentry/core': 10.46.0
      vue: 3.5.31

  '@vue/compiler-core@3.5.31':
    dependencies:
      '@babel/parser': 7.29.2
      '@vue/shared': 3.5.31
      entities: 7.0.1
      estree-walker: 2.0.2
      source-map-js: 1.2.1

  '@vue/compiler-dom@3.5.31':
    dependencies:
      '@vue/compiler-core': 3.5.31
      '@vue/shared': 3.5.31

  '@vue/compiler-sfc@3.5.31':
    dependencies:
      '@babel/parser': 7.29.2
      '@vue/compiler-core': 3.5.31
      '@vue/compiler-dom': 3.5.31
      '@vue/compiler-ssr': 3.5.31
      '@vue/shared': 3.5.31
      estree-walker: 2.0.2
      magic-string: 0.30.21
      postcss: 8.5.8
      source-map-js: 1.2.1

  '@vue/compiler-ssr@3.5.31':
    dependencies:
      '@vue/compiler-dom': 3.5.31
      '@vue/shared': 3.5.31

  '@vue/reactivity@3.5.31':
    dependencies:
      '@vue/shared': 3.5.31

  '@vue/runtime-core@3.5.31':
    dependencies:
      '@vue/reactivity': 3.5.31
      '@vue/shared': 3.5.31

  '@vue/runtime-dom@3.5.31':
    dependencies:
      '@vue/reactivity': 3.5.31
      '@vue/runtime-core': 3.5.31
      '@vue/shared': 3.5.31
      csstype: 3.2.3

  '@vue/server-renderer@3.5.31(vue@3.5.31)':
    dependencies:
      '@vue/compiler-ssr': 3.5.31
      '@vue/shared': 3.5.31
      vue: 3.5.31

  '@vue/shared@3.5.31': {}

  autoprefixer@10.4.20(postcss@8.5.8):
    dependencies:
      browserslist: 4.28.1
      caniuse-lite: 1.0.30001761
      fraction.js: 4.3.7
      normalize-range: 0.1.2
      picocolors: 1.1.1
      postcss: 8.5.8
      postcss-value-parser: 4.2.0

  baseline-browser-mapping@2.9.11: {}

  browserslist@4.28.1:
    dependencies:
      baseline-browser-mapping: 2.9.11
      caniuse-lite: 1.0.30001761
      electron-to-chromium: 1.5.267
      node-releases: 2.0.27
      update-browserslist-db: 1.2.3(browserslist@4.28.1)

  caniuse-lite@1.0.30001761: {}

  csstype@3.2.3: {}

  dotenv@17.3.1: {}

  electron-to-chromium@1.5.267: {}

  entities@7.0.1: {}

  escalade@3.2.0: {}

  estree-walker@2.0.2: {}

  fraction.js@4.3.7: {}

  magic-string@0.30.21:
    dependencies:
      '@jridgewell/sourcemap-codec': 1.5.5

  nanoid@3.3.11: {}

  node-releases@2.0.27: {}

  normalize-range@0.1.2: {}

  picocolors@1.1.1: {}

  postcss-value-parser@4.2.0: {}

  postcss@8.5.8:
    dependencies:
      nanoid: 3.3.11
      picocolors: 1.1.1
      source-map-js: 1.2.1

  source-map-js@1.2.1: {}

  update-browserslist-db@1.2.3(browserslist@4.28.1):
    dependencies:
      browserslist: 4.28.1
      escalade: 3.2.0
      picocolors: 1.1.1

  vue@3.5.31:
    dependencies:
      '@vue/compiler-dom': 3.5.31
      '@vue/compiler-sfc': 3.5.31
      '@vue/runtime-dom': 3.5.31
      '@vue/server-renderer': 3.5.31(vue@3.5.31)
      '@vue/shared': 3.5.31
