lockfileVersion: '9.0'

settings:
  autoInstallPeers: true
  excludeLinksFromLockfile: false

importers:

  .:
    dependencies:
      '@sentry/vue':
        specifier: 10.31.0
        version: 10.31.0(vue@3.5.25)
      vue:
        specifier: 3.5.25
        version: 3.5.25
    devDependencies:
      autoprefixer:
        specifier: 10.4.20
        version: 10.4.20(postcss@8.5.6)
      dotenv:
        specifier: 17.2.2
        version: 17.2.2

packages:

  '@babel/helper-string-parser@7.27.1':
    resolution: {integrity: sha512-qMlSxKbpRlAridDExk92nSobyDdpPijUq2DW6oDnUqd0iOGxmQjyqhMIihI9+zv4LPyZdRje2cavWPbCbWm3eA==}
    engines: {node: '>=6.9.0'}

  '@babel/helper-validator-identifier@7.28.5':
    resolution: {integrity: sha512-qSs4ifwzKJSV39ucNjsvc6WVHs6b7S03sOh2OcHF9UHfVPqWWALUsNUVzhSBiItjRZoLHx7nIarVjqKVusUZ1Q==}
    engines: {node: '>=6.9.0'}

  '@babel/parser@7.28.5':
    resolution: {integrity: sha512-KKBU1VGYR7ORr3At5HAtUQ+TV3SzRCXmA/8OdDZiLDBIZxVyzXuztPjfLd3BV1PRAQGCMWWSHYhL0F8d5uHBDQ==}
    engines: {node: '>=6.0.0'}
    hasBin: true

  '@babel/types@7.28.5':
    resolution: {integrity: sha512-qQ5m48eI/MFLQ5PxQj4PFaprjyCTLI37ElWMmNs0K8Lk3dVeOdNpB3ks8jc7yM5CDmVC73eMVk/trk3fgmrUpA==}
    engines: {node: '>=6.9.0'}

  '@jridgewell/sourcemap-codec@1.5.5':
    resolution: {integrity: sha512-cYQ9310grqxueWbl+WuIUIaiUaDcj7WOq5fVhEljNVgRfOUhY9fy2zTvfoqWsnebh8Sl70VScFbICvJnLKB0Og==}

  '@sentry-internal/browser-utils@10.31.0':
    resolution: {integrity: sha512-2Pvk0aRA0M/wiUj2K00mhw8dhD/zRhGKK9xQVAPtSz9cbKO/0WIS5dMAX0bfNvYVVMQPrQM46BmEwxeMMuY6HQ==}
    engines: {node: '>=18'}

  '@sentry-internal/feedback@10.31.0':
    resolution: {integrity: sha512-uLmh6n0Ax/yjVO4FROpeVqzEJVMgIxDsnmKlAoQ4/HYmc2wQQbJmdIgjzZN2ruelaYEaQV7iouSYLZv4wdujOQ==}
    engines: {node: '>=18'}

  '@sentry-internal/replay-canvas@10.31.0':
    resolution: {integrity: sha512-mR6t6YNMLKndn1FvaDoOTWA15LfatcC/RMXkKYggULJWxMOs1/TCowjVidPXb/2JtfeHQvbJg5dH/hM+wW5c1Q==}
    engines: {node: '>=18'}

  '@sentry-internal/replay@10.31.0':
    resolution: {integrity: sha512-1rChhtgSSq83vef/ZID5vNRGgCVOdi3c239J3T0GWUSrmZAWHFWohqosT1jBYLIcBQia1jjJjl7j0QX0UNpSsg==}
    engines: {node: '>=18'}

  '@sentry/browser@10.31.0':
    resolution: {integrity: sha512-r+unS+yzVn4lh+jRGtR1rhfcPFsSJXDzW9ngn8+VmgzuvBMLVNSVEwCO+HsghnFfWorrXYZ6GVhemsGHK8gsfg==}
    engines: {node: '>=18'}

  '@sentry/core@10.31.0':
    resolution: {integrity: sha512-VTSXdyhnu3CNaSwhp/CchZRCKh1fa7byP+KClApthsppQ57w7OjXN8dDUf38K1ZCsfdTEvdEU4qCL/WnAEbd+g==}
    engines: {node: '>=18'}

  '@sentry/vue@10.31.0':
    resolution: {integrity: sha512-3CbF1yd5dq46K2eX+mN7cAXJOchFL5x1tYtUDWQPGAkMxsMV7mqun/eXabZWBSlRzDbevl0s364dNjPNs+1btg==}
    engines: {node: '>=18'}
    peerDependencies:
      pinia: 2.x || 3.x
      vue: 2.x || 3.x
    peerDependenciesMeta:
      pinia:
        optional: true

  '@vue/compiler-core@3.5.25':
    resolution: {integrity: sha512-vay5/oQJdsNHmliWoZfHPoVZZRmnSWhug0BYT34njkYTPqClh3DNWLkZNJBVSjsNMrg0CCrBfoKkjZQPM/QVUw==}

  '@vue/compiler-dom@3.5.25':
    resolution: {integrity: sha512-4We0OAcMZsKgYoGlMjzYvaoErltdFI2/25wqanuTu+S4gismOTRTBPi4IASOjxWdzIwrYSjnqONfKvuqkXzE2Q==}

  '@vue/compiler-sfc@3.5.25':
    resolution: {integrity: sha512-PUgKp2rn8fFsI++lF2sO7gwO2d9Yj57Utr5yEsDf3GNaQcowCLKL7sf+LvVFvtJDXUp/03+dC6f2+LCv5aK1ag==}

  '@vue/compiler-ssr@3.5.25':
    resolution: {integrity: sha512-ritPSKLBcParnsKYi+GNtbdbrIE1mtuFEJ4U1sWeuOMlIziK5GtOL85t5RhsNy4uWIXPgk+OUdpnXiTdzn8o3A==}

  '@vue/reactivity@3.5.25':
    resolution: {integrity: sha512-5xfAypCQepv4Jog1U4zn8cZIcbKKFka3AgWHEFQeK65OW+Ys4XybP6z2kKgws4YB43KGpqp5D/K3go2UPPunLA==}

  '@vue/runtime-core@3.5.25':
    resolution: {integrity: sha512-Z751v203YWwYzy460bzsYQISDfPjHTl+6Zzwo/a3CsAf+0ccEjQ8c+0CdX1WsumRTHeywvyUFtW6KvNukT/smA==}

  '@vue/runtime-dom@3.5.25':
    resolution: {integrity: sha512-a4WrkYFbb19i9pjkz38zJBg8wa/rboNERq3+hRRb0dHiJh13c+6kAbgqCPfMaJ2gg4weWD3APZswASOfmKwamA==}

  '@vue/server-renderer@3.5.25':
    resolution: {integrity: sha512-UJaXR54vMG61i8XNIzTSf2Q7MOqZHpp8+x3XLGtE3+fL+nQd+k7O5+X3D/uWrnQXOdMw5VPih+Uremcw+u1woQ==}
    peerDependencies:
      vue: 3.5.25

  '@vue/shared@3.5.25':
    resolution: {integrity: sha512-AbOPdQQnAnzs58H2FrrDxYj/TJfmeS2jdfEEhgiKINy+bnOANmVizIEgq1r+C5zsbs6l1CCQxtcj71rwNQ4jWg==}

  autoprefixer@10.4.20:
    resolution: {integrity: sha512-XY25y5xSv/wEoqzDyXXME4AFfkZI0P23z6Fs3YgymDnKJkCGOnkL0iTxCa85UTqaSgfcqyf3UA6+c7wUvx/16g==}
    engines: {node: ^10 || ^12 || >=14}
    hasBin: true
    peerDependencies:
      postcss: ^8.1.0

  baseline-browser-mapping@2.9.11:
    resolution: {integrity: sha512-Sg0xJUNDU1sJNGdfGWhVHX0kkZ+HWcvmVymJbj6NSgZZmW/8S9Y2HQ5euytnIgakgxN6papOAWiwDo1ctFDcoQ==}
    hasBin: true

  browserslist@4.28.1:
    resolution: {integrity: sha512-ZC5Bd0LgJXgwGqUknZY/vkUQ04r8NXnJZ3yYi4vDmSiZmC/pdSN0NbNRPxZpbtO4uAfDUAFffO8IZoM3Gj8IkA==}
    engines: {node: ^6 || ^7 || ^8 || ^9 || ^10 || ^11 || ^12 || >=13.7}
    hasBin: true

  caniuse-lite@1.0.30001761:
    resolution: {integrity: sha512-JF9ptu1vP2coz98+5051jZ4PwQgd2ni8A+gYSN7EA7dPKIMf0pDlSUxhdmVOaV3/fYK5uWBkgSXJaRLr4+3A6g==}

  csstype@3.2.3:
    resolution: {integrity: sha512-z1HGKcYy2xA8AGQfwrn0PAy+PB7X/GSj3UVJW9qKyn43xWa+gl5nXmU4qqLMRzWVLFC8KusUX8T/0kCiOYpAIQ==}

  dotenv@17.2.2:
    resolution: {integrity: sha512-Sf2LSQP+bOlhKWWyhFsn0UsfdK/kCWRv1iuA2gXAwt3dyNabr6QSj00I2V10pidqz69soatm9ZwZvpQMTIOd5Q==}
    engines: {node: '>=12'}

  electron-to-chromium@1.5.267:
    resolution: {integrity: sha512-0Drusm6MVRXSOJpGbaSVgcQsuB4hEkMpHXaVstcPmhu5LIedxs1xNK/nIxmQIU/RPC0+1/o0AVZfBTkTNJOdUw==}

  entities@4.5.0:
    resolution: {integrity: sha512-V0hjH4dGPh9Ao5p0MoRY6BVqtwCjhz6vI5LT8AJ55H+4g9/4vbHx1I54fS0XuclLhDHArPQCiMjDxjaL8fPxhw==}
    engines: {node: '>=0.12'}

  escalade@3.2.0:
    resolution: {integrity: sha512-WUj2qlxaQtO4g6Pq5c29GTcWGDyd8itL8zTlipgECz3JesAiiOKotd8JU6otB3PACgG6xkJUyVhboMS+bje/jA==}
    engines: {node: '>=6'}

  estree-walker@2.0.2:
    resolution: {integrity: sha512-Rfkk/Mp/DL7JVje3u18FxFujQlTNR2q6QfMSMB7AvCBx91NGj/ba3kCfza0f6dVDbw7YlRf/nDrn7pQrCCyQ/w==}

  fraction.js@4.3.7:
    resolution: {integrity: sha512-ZsDfxO51wGAXREY55a7la9LScWpwv9RxIrYABrlvOFBlH/ShPnrtsXeuUIfXKKOVicNxQ+o8JTbJvjS4M89yew==}

  magic-string@0.30.21:
    resolution: {integrity: sha512-vd2F4YUyEXKGcLHoq+TEyCjxueSeHnFxyyjNp80yg0XV4vUhnDer/lvvlqM/arB5bXQN5K2/3oinyCRyx8T2CQ==}

  nanoid@3.3.11:
    resolution: {integrity: sha512-N8SpfPUnUp1bK+PMYW8qSWdl9U+wwNWI4QKxOYDy9JAro3WMX7p2OeVRF9v+347pnakNevPmiHhNmZ2HbFA76w==}
    engines: {node: ^10 || ^12 || ^13.7 || ^14 || >=15.0.1}
    hasBin: true

  node-releases@2.0.27:
    resolution: {integrity: sha512-nmh3lCkYZ3grZvqcCH+fjmQ7X+H0OeZgP40OierEaAptX4XofMh5kwNbWh7lBduUzCcV/8kZ+NDLCwm2iorIlA==}

  normalize-range@0.1.2:
    resolution: {integrity: sha512-bdok/XvKII3nUpklnV6P2hxtMNrCboOjAcyBuQnWEhO665FwrSNRxU+AqpsyvO6LgGYPspN+lu5CLtw4jPRKNA==}
    engines: {node: '>=0.10.0'}

  picocolors@1.1.1:
    resolution: {integrity: sha512-xceH2snhtb5M9liqDsmEw56le376mTZkEX/jEb/RxNFyegNul7eNslCXP9FDj/Lcu0X8KEyMceP2ntpaHrDEVA==}

  postcss-value-parser@4.2.0:
    resolution: {integrity: sha512-1NNCs6uurfkVbeXG4S8JFT9t19m45ICnif8zWLd5oPSZ50QnwMfK+H3jv408d4jw/7Bttv5axS5IiHoLaVNHeQ==}

  postcss@8.5.6:
    resolution: {integrity: sha512-3Ybi1tAuwAP9s0r1UQ2J4n5Y0G05bJkpUIO0/bI9MhwmD70S5aTWbXGBwxHrelT+XM1k6dM0pk+SwNkpTRN7Pg==}
    engines: {node: ^10 || ^12 || >=14}

  source-map-js@1.2.1:
    resolution: {integrity: sha512-UXWMKhLOwVKb728IUtQPXxfYU+usdybtUrK/8uGE8CQMvrhOpwvzDBwj0QhSL7MQc7vIsISBG8VQ8+IDQxpfQA==}
    engines: {node: '>=0.10.0'}

  update-browserslist-db@1.2.3:
    resolution: {integrity: sha512-Js0m9cx+qOgDxo0eMiFGEueWztz+d4+M3rGlmKPT+T4IS/jP4ylw3Nwpu6cpTTP8R1MAC1kF4VbdLt3ARf209w==}
    hasBin: true
    peerDependencies:
      browserslist: '>= 4.21.0'

  vue@3.5.25:
    resolution: {integrity: sha512-YLVdgv2K13WJ6n+kD5owehKtEXwdwXuj2TTyJMsO7pSeKw2bfRNZGjhB7YzrpbMYj5b5QsUebHpOqR3R3ziy/g==}
    peerDependencies:
      typescript: '*'
    peerDependenciesMeta:
      typescript:
        optional: true

snapshots:

  '@babel/helper-string-parser@7.27.1': {}

  '@babel/helper-validator-identifier@7.28.5': {}

  '@babel/parser@7.28.5':
    dependencies:
      '@babel/types': 7.28.5

  '@babel/types@7.28.5':
    dependencies:
      '@babel/helper-string-parser': 7.27.1
      '@babel/helper-validator-identifier': 7.28.5

  '@jridgewell/sourcemap-codec@1.5.5': {}

  '@sentry-internal/browser-utils@10.31.0':
    dependencies:
      '@sentry/core': 10.31.0

  '@sentry-internal/feedback@10.31.0':
    dependencies:
      '@sentry/core': 10.31.0

  '@sentry-internal/replay-canvas@10.31.0':
    dependencies:
      '@sentry-internal/replay': 10.31.0
      '@sentry/core': 10.31.0

  '@sentry-internal/replay@10.31.0':
    dependencies:
      '@sentry-internal/browser-utils': 10.31.0
      '@sentry/core': 10.31.0

  '@sentry/browser@10.31.0':
    dependencies:
      '@sentry-internal/browser-utils': 10.31.0
      '@sentry-internal/feedback': 10.31.0
      '@sentry-internal/replay': 10.31.0
      '@sentry-internal/replay-canvas': 10.31.0
      '@sentry/core': 10.31.0

  '@sentry/core@10.31.0': {}

  '@sentry/vue@10.31.0(vue@3.5.25)':
    dependencies:
      '@sentry/browser': 10.31.0
      '@sentry/core': 10.31.0
      vue: 3.5.25

  '@vue/compiler-core@3.5.25':
    dependencies:
      '@babel/parser': 7.28.5
      '@vue/shared': 3.5.25
      entities: 4.5.0
      estree-walker: 2.0.2
      source-map-js: 1.2.1

  '@vue/compiler-dom@3.5.25':
    dependencies:
      '@vue/compiler-core': 3.5.25
      '@vue/shared': 3.5.25

  '@vue/compiler-sfc@3.5.25':
    dependencies:
      '@babel/parser': 7.28.5
      '@vue/compiler-core': 3.5.25
      '@vue/compiler-dom': 3.5.25
      '@vue/compiler-ssr': 3.5.25
      '@vue/shared': 3.5.25
      estree-walker: 2.0.2
      magic-string: 0.30.21
      postcss: 8.5.6
      source-map-js: 1.2.1

  '@vue/compiler-ssr@3.5.25':
    dependencies:
      '@vue/compiler-dom': 3.5.25
      '@vue/shared': 3.5.25

  '@vue/reactivity@3.5.25':
    dependencies:
      '@vue/shared': 3.5.25

  '@vue/runtime-core@3.5.25':
    dependencies:
      '@vue/reactivity': 3.5.25
      '@vue/shared': 3.5.25

  '@vue/runtime-dom@3.5.25':
    dependencies:
      '@vue/reactivity': 3.5.25
      '@vue/runtime-core': 3.5.25
      '@vue/shared': 3.5.25
      csstype: 3.2.3

  '@vue/server-renderer@3.5.25(vue@3.5.25)':
    dependencies:
      '@vue/compiler-ssr': 3.5.25
      '@vue/shared': 3.5.25
      vue: 3.5.25

  '@vue/shared@3.5.25': {}

  autoprefixer@10.4.20(postcss@8.5.6):
    dependencies:
      browserslist: 4.28.1
      caniuse-lite: 1.0.30001761
      fraction.js: 4.3.7
      normalize-range: 0.1.2
      picocolors: 1.1.1
      postcss: 8.5.6
      postcss-value-parser: 4.2.0

  baseline-browser-mapping@2.9.11: {}

  browserslist@4.28.1:
    dependencies:
      baseline-browser-mapping: 2.9.11
      caniuse-lite: 1.0.30001761
      electron-to-chromium: 1.5.267
      node-releases: 2.0.27
      update-browserslist-db: 1.2.3(browserslist@4.28.1)

  caniuse-lite@1.0.30001761: {}

  csstype@3.2.3: {}

  dotenv@17.2.2: {}

  electron-to-chromium@1.5.267: {}

  entities@4.5.0: {}

  escalade@3.2.0: {}

  estree-walker@2.0.2: {}

  fraction.js@4.3.7: {}

  magic-string@0.30.21:
    dependencies:
      '@jridgewell/sourcemap-codec': 1.5.5

  nanoid@3.3.11: {}

  node-releases@2.0.27: {}

  normalize-range@0.1.2: {}

  picocolors@1.1.1: {}

  postcss-value-parser@4.2.0: {}

  postcss@8.5.6:
    dependencies:
      nanoid: 3.3.11
      picocolors: 1.1.1
      source-map-js: 1.2.1

  source-map-js@1.2.1: {}

  update-browserslist-db@1.2.3(browserslist@4.28.1):
    dependencies:
      browserslist: 4.28.1
      escalade: 3.2.0
      picocolors: 1.1.1

  vue@3.5.25:
    dependencies:
      '@vue/compiler-dom': 3.5.25
      '@vue/compiler-sfc': 3.5.25
      '@vue/runtime-dom': 3.5.25
      '@vue/server-renderer': 3.5.25(vue@3.5.25)
      '@vue/shared': 3.5.25
